
Microsoft Visual Studio Solution File, Format Version 12.00
# Visual Studio Version 17
VisualStudioVersion = 17.6.33829.357
MinimumVisualStudioVersion = 10.0.40219.1
Project("{8BC9CEB8-8B4A-11D0-8D11-00A0C91BC942}") = "The First Project", "The First Project\The First Project.vcxproj", "{310F3CEE-3F8A-493B-A3C5-0CBD19CF24CB}"
EndProject
Global
	GlobalSection(SolutionConfigurationPlatforms) = preSolution
		Debug|x64 = Debug|x64
		Debug|x86 = Debug|x86
		Release|x64 = Release|x64
		Release|x86 = Release|x86
	EndGlobalSection
	GlobalSection(ProjectConfigurationPlatforms) = postSolution
		{310F3CEE-3F8A-493B-A3C5-0CBD19CF24CB}.Debug|x64.ActiveCfg = Debug|x64
		{310F3CEE-3F8A-493B-A3C5-0CBD19CF24CB}.Debug|x64.Build.0 = Debug|x64
		{310F3CEE-3F8A-493B-A3C5-0CBD19CF24CB}.Debug|x86.ActiveCfg = Debug|Win32
		{310F3CEE-3F8A-493B-A3C5-0CBD19CF24CB}.Debug|x86.Build.0 = Debug|Win32
		{310F3CEE-3F8A-493B-A3C5-0CBD19CF24CB}.Release|x64.ActiveCfg = Release|x64
		{310F3CEE-3F8A-493B-A3C5-0CBD19CF24CB}.Release|x64.Build.0 = Release|x64
		{310F3CEE-3F8A-493B-A3C5-0CBD19CF24CB}.Release|x86.ActiveCfg = Release|Win32
		{310F3CEE-3F8A-493B-A3C5-0CBD19CF24CB}.Release|x86.Build.0 = Release|Win32
	EndGlobalSection
	GlobalSection(SolutionProperties) = preSolution
		HideSolutionNode = FALSE
	EndGlobalSection
	GlobalSection(ExtensibilityGlobals) = postSolution
		SolutionGuid = {F86D18DB-4041-4654-9843-D1E53F8FA4EB}
	EndGlobalSection
EndGlobal
